
Microsoft Visual Studio Solution File, Format Version 12.00
# Visual Studio Version 17
VisualStudioVersion = 17.11.35222.181
MinimumVisualStudioVersion = 10.0.40219.1
Project("{FAE04EC0-301F-11D3-BF4B-00C04F79EFBC}") = "ex00", "ex00.csproj", "{D3162E20-4E27-49C8-BAE9-2D5963265EFE}"
EndProject
Global
	GlobalSection(SolutionConfigurationPlatforms) = preSolution
		Debug|Any CPU = Debug|Any CPU
		Release|Any CPU = Release|Any CPU
	EndGlobalSection
	GlobalSection(ProjectConfigurationPlatforms) = postSolution
		{D3162E20-4E27-49C8-BAE9-2D5963265EFE}.Debug|Any CPU.ActiveCfg = Debug|Any CPU
		{D3162E20-4E27-49C8-BAE9-2D5963265EFE}.Debug|Any CPU.Build.0 = Debug|Any CPU
		{D3162E20-4E27-49C8-BAE9-2D5963265EFE}.Debug|Any CPU.Deploy.0 = Debug|Any CPU
		{D3162E20-4E27-49C8-BAE9-2D5963265EFE}.Release|Any CPU.ActiveCfg = Release|Any CPU
		{D3162E20-4E27-49C8-BAE9-2D5963265EFE}.Release|Any CPU.Build.0 = Release|Any CPU
		{D3162E20-4E27-49C8-BAE9-2D5963265EFE}.Release|Any CPU.Deploy.0 = Release|Any CPU
	EndGlobalSection
	GlobalSection(SolutionProperties) = preSolution
		HideSolutionNode = FALSE
	EndGlobalSection
	GlobalSection(ExtensibilityGlobals) = postSolution
		SolutionGuid = {6C97FF00-F1CA-4427-A0B0-9C7B17ED3802}
	EndGlobalSection
EndGlobal
